PODS:
  - MBProgressHUD (1.0.0)
  - YKSDK (1.0.5)

DEPENDENCIES:
  - MBProgressHUD (~> 1.0.0)
  - YKSDK (from `./`)

SPEC REPOS:
  https://github.com/cocoapods/specs.git:
    - MBProgressHUD

EXTERNAL SOURCES:
  YKSDK:
    :path: "./"

SPEC CHECKSUMS:
  MBProgressHUD: 4890f671c94e8a0f3cf959aa731e9de2f036d71a
  YKSDK: 9c375e1568d3a90b891387831d23b5b49b524913

PODFILE CHECKSUM: 64525b25ff2c70b06eec1420167cd4eebf65cc2b

COCOAPODS: 1.5.3
