PODS:
  - MBProgressHUD (1.0.0)
  - YKSDK (1.0.4)

DEPENDENCIES:
  - MBProgressHUD (~> 1.0.0)
  - YKSDK (from `./`)

SPEC REPOS:
  https://github.com/cocoapods/specs.git:
    - MBProgressHUD

EXTERNAL SOURCES:
  YKSDK:
    :path: "./"

SPEC CHECKSUMS:
  MBProgressHUD: 4890f671c94e8a0f3cf959aa731e9de2f036d71a
  YKSDK: 444d79bf7fe3825f1defefc791b349a74cd7b0d0

PODFILE CHECKSUM: 64525b25ff2c70b06eec1420167cd4eebf65cc2b

COCOAPODS: 1.5.3
